
Microsoft Visual Studio Solution File, Format Version 12.00
# Visual Studio Version 17
VisualStudioVersion = 17.13.35919.96 d17.13
MinimumVisualStudioVersion = 10.0.40219.1
Project("{FAE04EC0-301F-11D3-BF4B-00C04F79EFBC}") = "YCode.AIChat", "YCode.AIChat\YCode.AIChat.csproj", "{6093791C-C07B-450C-948C-33D61191D431}"
EndProject
Project("{FAE04EC0-301F-11D3-BF4B-00C04F79EFBC}") = "YCode.AIChat.SDK", "YCode.AIChat.SDK\YCode.AIChat.SDK.csproj", "{C23E7FB7-23A4-486D-BD5B-DAA0ADFB765C}"
EndProject
Global
	GlobalSection(SolutionConfigurationPlatforms) = preSolution
		Debug|Any CPU = Debug|Any CPU
		Release|Any CPU = Release|Any CPU
	EndGlobalSection
	GlobalSection(ProjectConfigurationPlatforms) = postSolution
		{6093791C-C07B-450C-948C-33D61191D431}.Debug|Any CPU.ActiveCfg = Debug|Any CPU
		{6093791C-C07B-450C-948C-33D61191D431}.Debug|Any CPU.Build.0 = Debug|Any CPU
		{6093791C-C07B-450C-948C-33D61191D431}.Release|Any CPU.ActiveCfg = Release|Any CPU
		{6093791C-C07B-450C-948C-33D61191D431}.Release|Any CPU.Build.0 = Release|Any CPU
		{C23E7FB7-23A4-486D-BD5B-DAA0ADFB765C}.Debug|Any CPU.ActiveCfg = Debug|Any CPU
		{C23E7FB7-23A4-486D-BD5B-DAA0ADFB765C}.Debug|Any CPU.Build.0 = Debug|Any CPU
		{C23E7FB7-23A4-486D-BD5B-DAA0ADFB765C}.Release|Any CPU.ActiveCfg = Release|Any CPU
		{C23E7FB7-23A4-486D-BD5B-DAA0ADFB765C}.Release|Any CPU.Build.0 = Release|Any CPU
	EndGlobalSection
	GlobalSection(SolutionProperties) = preSolution
		HideSolutionNode = FALSE
	EndGlobalSection
	GlobalSection(ExtensibilityGlobals) = postSolution
		SolutionGuid = {0243B891-0DC4-4127-88C1-2FADA39BEB66}
	EndGlobalSection
EndGlobal
